
Microsoft Visual Studio Solution File, Format Version 12.00
# Visual Studio 14
VisualStudioVersion = 14.0.25420.1
MinimumVisualStudioVersion = 10.0.40219.1
Project("{888888A0-9F3D-457C-B088-3A5042F75D52}") = "Modulo11SaveInforInFiles", "Modulo11SaveInforInFiles\Modulo11SaveInforInFiles.pyproj", "{2C208ADD-396C-430C-8F9A-2E000ADDC221}"
EndProject
Global
	GlobalSection(SolutionConfigurationPlatforms) = preSolution
		Debug|Any CPU = Debug|Any CPU
		Release|Any CPU = Release|Any CPU
	EndGlobalSection
	GlobalSection(ProjectConfigurationPlatforms) = postSolution
		{2C208ADD-396C-430C-8F9A-2E000ADDC221}.Debug|Any CPU.ActiveCfg = Debug|Any CPU
		{2C208ADD-396C-430C-8F9A-2E000ADDC221}.Release|Any CPU.ActiveCfg = Release|Any CPU
	EndGlobalSection
	GlobalSection(SolutionProperties) = preSolution
		HideSolutionNode = FALSE
	EndGlobalSection
EndGlobal
